
Microsoft Visual Studio Solution File, Format Version 12.00
# Visual Studio 15
VisualStudioVersion = 15.0.26730.16
MinimumVisualStudioVersion = 10.0.40219.1
Project("{FAE04EC0-301F-11D3-BF4B-00C04F79EFBC}") = "PrizeDraw", "PrizeDraw\PrizeDraw.csproj", "{70CB2866-4D9B-459B-9320-00A9D83475B4}"
EndProject
Project("{FAE04EC0-301F-11D3-BF4B-00C04F79EFBC}") = "PrizeDraw.Tests", "PrizeDraw.Tests\PrizeDraw.Tests.csproj", "{766E116C-A874-4AC9-B375-054ACD8D3B4A}"
EndProject
Global
	GlobalSection(SolutionConfigurationPlatforms) = preSolution
		Debug|Any CPU = Debug|Any CPU
		Release|Any CPU = Release|Any CPU
	EndGlobalSection
	GlobalSection(ProjectConfigurationPlatforms) = postSolution
		{70CB2866-4D9B-459B-9320-00A9D83475B4}.Debug|Any CPU.ActiveCfg = Debug|Any CPU
		{70CB2866-4D9B-459B-9320-00A9D83475B4}.Debug|Any CPU.Build.0 = Debug|Any CPU
		{70CB2866-4D9B-459B-9320-00A9D83475B4}.Release|Any CPU.ActiveCfg = Release|Any CPU
		{70CB2866-4D9B-459B-9320-00A9D83475B4}.Release|Any CPU.Build.0 = Release|Any CPU
		{766E116C-A874-4AC9-B375-054ACD8D3B4A}.Debug|Any CPU.ActiveCfg = Debug|Any CPU
		{766E116C-A874-4AC9-B375-054ACD8D3B4A}.Debug|Any CPU.Build.0 = Debug|Any CPU
		{766E116C-A874-4AC9-B375-054ACD8D3B4A}.Release|Any CPU.ActiveCfg = Release|Any CPU
		{766E116C-A874-4AC9-B375-054ACD8D3B4A}.Release|Any CPU.Build.0 = Release|Any CPU
	EndGlobalSection
	GlobalSection(SolutionProperties) = preSolution
		HideSolutionNode = FALSE
	EndGlobalSection
	GlobalSection(ExtensibilityGlobals) = postSolution
		SolutionGuid = {A7C80993-B56A-4F3D-8724-5CA0528B80BD}
	EndGlobalSection
EndGlobal
